{
  "name": "realwork",
  "version": "1.0.0",
  "lockfileVersion": 1,
  "requires": true,
  "dependencies": {
    "formidable": {
      "version": "1.2.2",
      "resolved": "https://registry.npmjs.org/formidable/-/formidable-1.2.2.tgz",
      "integrity": "sha512-V8gLm+41I/8kguQ4/o1D3RIHRmhYFG4pnNyonvua+40rqcEmT4+V71yaZ3B457xbbgCsCfjSPi65u/W6vK1U5Q=="
    },
    "titbit": {
      "version": "20.5.51",
      "resolved": "https://registry.npmjs.org/titbit/-/titbit-20.5.51.tgz",
      "integrity": "sha512-lfC3kaKQyGprVH/sm5wbqaIaYMVQiBpdMlmu7FHp7Im+K56ciPAI1/JBl4UusojzCtb/+GwNJ/Mm9LB3PgFcVQ=="
    },
    "titbit-loader": {
      "version": "20.5.21",
      "resolved": "https://registry.npmjs.org/titbit-loader/-/titbit-loader-20.5.21.tgz",
      "integrity": "sha512-1Bib6KUfBpg6/7rxat9J9SlAy6N/06y1lUBMjIRagt0oNX67eutcwBkPitQvrsKr9Hpvdh97WJOCTK1ojm2kLw=="
    },
    "wangeditor": {
      "version": "3.1.1",
      "resolved": "https://registry.npmjs.org/wangeditor/-/wangeditor-3.1.1.tgz",
      "integrity": "sha1-+9PB1JdpI8nt67hbKdMLNVEq0Dk="
    }
  }
}
